
Microsoft Visual Studio Solution File, Format Version 12.00
# Visual Studio Version 17
VisualStudioVersion = 17.0.31903.59
MinimumVisualStudioVersion = 10.0.40219.1
Project("{FAE04EC0-301F-11D3-BF4B-00C04F79EFBC}") = "AutoFacil.Server", "AutoFacil.Server\AutoFacil.Server.csproj", "{55F39272-EB88-45B7-845B-B86DD337101B}"
EndProject
Project("{FAE04EC0-301F-11D3-BF4B-00C04F79EFBC}") = "AutoFacil.Client", "AutoFacil.Client\AutoFacil.Client.csproj", "{AB0665B6-A886-4086-9EC2-C851010DCAB0}"
EndProject
Global
	GlobalSection(SolutionConfigurationPlatforms) = preSolution
		Debug|Any CPU = Debug|Any CPU
		Release|Any CPU = Release|Any CPU
	EndGlobalSection
	GlobalSection(SolutionProperties) = preSolution
		HideSolutionNode = FALSE
	EndGlobalSection
	GlobalSection(ProjectConfigurationPlatforms) = postSolution
		{55F39272-EB88-45B7-845B-B86DD337101B}.Debug|Any CPU.ActiveCfg = Debug|Any CPU
		{55F39272-EB88-45B7-845B-B86DD337101B}.Debug|Any CPU.Build.0 = Debug|Any CPU
		{55F39272-EB88-45B7-845B-B86DD337101B}.Release|Any CPU.ActiveCfg = Release|Any CPU
		{55F39272-EB88-45B7-845B-B86DD337101B}.Release|Any CPU.Build.0 = Release|Any CPU
		{AB0665B6-A886-4086-9EC2-C851010DCAB0}.Debug|Any CPU.ActiveCfg = Debug|Any CPU
		{AB0665B6-A886-4086-9EC2-C851010DCAB0}.Debug|Any CPU.Build.0 = Debug|Any CPU
		{AB0665B6-A886-4086-9EC2-C851010DCAB0}.Release|Any CPU.ActiveCfg = Release|Any CPU
		{AB0665B6-A886-4086-9EC2-C851010DCAB0}.Release|Any CPU.Build.0 = Release|Any CPU
	EndGlobalSection
EndGlobal
